
Microsoft Visual Studio Solution File, Format Version 12.00
# Visual Studio 14
VisualStudioVersion = 14.0.23107.0
MinimumVisualStudioVersion = 10.0.40219.1
Project("{FAE04EC0-301F-11D3-BF4B-00C04F79EFBC}") = "Tuva.On.Line", "Tuva.On.Line\Tuva.On.Line.csproj", "{0555751D-02A0-4E57-B05C-8FB99BE38D1D}"
EndProject
Global
	GlobalSection(SolutionConfigurationPlatforms) = preSolution
		Debug|Any CPU = Debug|Any CPU
		Release|Any CPU = Release|Any CPU
	EndGlobalSection
	GlobalSection(ProjectConfigurationPlatforms) = postSolution
		{0555751D-02A0-4E57-B05C-8FB99BE38D1D}.Debug|Any CPU.ActiveCfg = Debug|Any CPU
		{0555751D-02A0-4E57-B05C-8FB99BE38D1D}.Debug|Any CPU.Build.0 = Debug|Any CPU
		{0555751D-02A0-4E57-B05C-8FB99BE38D1D}.Release|Any CPU.ActiveCfg = Release|Any CPU
		{0555751D-02A0-4E57-B05C-8FB99BE38D1D}.Release|Any CPU.Build.0 = Release|Any CPU
	EndGlobalSection
	GlobalSection(SolutionProperties) = preSolution
		HideSolutionNode = FALSE
	EndGlobalSection
EndGlobal
